github.com/davecgh/go-spew v1.1.1 h1:vj9j/u1bqnvCEfJOwUhtlOARqs3+rkHYY13jYWTU97c=
github.com/pmezard/go-difflib v1.0.0 h1:4DBwDE0NGyQoBHbLQYPwSUPoCMWR5BEzIk/f1lZbAQM=
github.com/pollenjp/sandbox-go/2022-08-03-140501/sample v0.0.0-20220806092917-88fb54c2f7d5 h1:IBa+VV+qs2ou/4rJ3G/dCXw7Y7s++nQ9VFs/I7MPjbw=
github.com/pollenjp/sandbox-go/2022-08-03-140501/sample v0.0.0-20220806092917-88fb54c2f7d5/go.mod h1:wIRAqktAgbgP/BuFi9S8xmi8m7Ouo5Gl9Wcho4V/Ins=
github.com/stretchr/testify v1.8.0 h1:pSgiaMZlXftHpm5L7V1+rVB+AZJydKsMxsQBIJw4PKk=
gopkg.in/yaml.v3 v3.0.1 h1:fxVm/GzAzEWqLHuvctI91KS9hhNmmWOoWu0XTYJS7CA=
