github.com/pollenjp/sandbox-go v0.0.0-20220805123327-be35adfaf55f h1:89WSJYdbW4sFDnGtlxkBhZ8sLNsGv7THYmdV8qpVMBw=
github.com/pollenjp/sandbox-go v0.0.0-20220805123327-be35adfaf55f/go.mod h1:Q1cYryybFaCtn/bSuP7VKk3f/oQarHcdtZcoMz09+6w=
github.com/pollenjp/sandbox-go v0.0.0-20220805131530-8317694a1de4 h1:W3Ab3zkrG7EftpI5H+D5HZZNCcyvl6AT6bbcOwddcNA=
github.com/pollenjp/sandbox-go v0.0.0-20220805131530-8317694a1de4/go.mod h1:tA2Ohj/MeKEtmc4RjqQ2Q+DhTY+jszBdQgwAeantB10=
